{
    "version": "0.5",
    "requires": [
        "zlib/1.3.1#cac0f6daea041b0ccf42934163defb20%1765284699.337",
        "websocketpp/0.8.2#01060cdb4f11652648794750bf3a5f44%1737630872.126",
        "tinygltf/2.9.7#b683a4330f0cca88452bd8a7498f7c66%1770747563.208",
        "termcap/1.3.1#479400c750a869f77b3d2d3a82e06f7d%1764805031.036",
        "swig/4.4.0#b0142ac439c12ddef427f0ad557dae99%1775212919.82",
        "stb/cci.20240531#ede183dce303916dab0c1b835df3926a%1720366012.336",
        "sqlite3/3.53.0#324ada52333108388a9a6108bfa96734%1776096494.149",
        "ruby/3.2.2#e349279c358fd8f54d83446a3af8ecfe%1718616192.725",
        "readline/8.2#d9ef16b67d31740280a52dd110a73386%1764805030.12",
        "pugixml/1.15#979e88f4fafbfe3585d2c0510a071cc7%1739435725.483",
        "pcre2/10.43#f46febf919eafb03fb3a27ea08e7fa61%1743524591.927",
        "openssl/3.1.0#adb90207a855ebfe1f1caa88b39c4fe0%1716296948.308",
        "nlohmann_json/3.12.0#2d634ab0ec8d9f56353e5ccef6d6612c%1744735883.94",
        "minizip/1.3.1#0fe428c3789670e2a03b3ad2a941d4b7%1741858542.122",
        "libyaml/0.2.5#67a8e4c752b3a452c4796ddc90589f74%1716296947.111",
        "libxslt/1.1.37#fcc2f4b645f5da2ae90b41ec249c8a59%1747041319.373",
        "libxml2/2.11.6#57b131d1dae9eb9691e51783cf2eb06b%1726875223.307",
        "libiconv/1.17#9923bc6dc6f106646d6967e0039a5ada%1774021608.288",
        "libgettext/0.22#b09eea019e19b9b9c46d8f1da7d75444%1765809130.834",
        "libffi/3.4.4#33feb967b22d92ea0becce63bf9d5490%1764805028.297",
        "libbacktrace/cci.20210118#a7691bfccd8caaf66309df196790a5a1%1722218217.276",
        "jsoncpp/1.9.6#c3730c7936aefa462eb6c6560a5e1fd8%1726135496.917",
        "gtest/1.17.0#5224b3b3ff3b4ce1133cbdd27d53ee7d%1755784855.585",
        "gmp/6.3.0#187de23af494e24e69bf9dfc1966a60d%1764805027.668",
        "geographiclib/2.6#0de0adf06a0e8aaebe87eb7f35e706b6%1762422032.716",
        "fmt/12.1.0#50abab23274d56bb8f42c94b3b9a40c7%1761885265.231",
        "cpprestsdk/2.10.19#b2689e8956d6ac0e2413c573b21d8aeb%1774594008.196",
        "cli11/2.6.2#312ccb795ff5b571d9f4b1a3637b1eee%1776949795.774",
        "bzip2/1.0.8#c470882369c2d95c5c77e970c0c7e321%1762886692.465",
        "boost/1.86.0#ba15175515249ce5dc1bbe10aa945dc9%1765955103.599",
        "benchmark/1.9.5#b885dc73ad67b40a55d45684d1c88ad1%1774363287.434",
        "antlr4-cppruntime/4.13.2#cc92480070ebd971aada9faf2be36f9f%1744013070.902"
    ],
    "build_requires": [
        "yasm/1.3.0#c0bc84844465e1cd7850c820ad5b09b6%1752493247.057",
        "strawberryperl/5.32.1.1#8d114504d172cfea8ea1662d09b6333e%1751971032.423",
        "pkgconf/2.1.0#21f96520faf7660b99f872e956d2ac13%1764805029.805",
        "ninja/1.13.2#c8c5dc2a52ed6e4e42a66d75b4717ceb%1764805029.443",
        "nasm/2.15.05#f7d6a6f3b14f583e001d9ae84e8cd152%1745483325.985",
        "msys2/cci.latest#d22fe7b2808f5fd34d0a7923ace9c54f%1770657326.649",
        "meson/1.10.2#9d2d10681fe7fe61c788c58626c89b25%1775558003.754",
        "m4/1.4.19#34c4bbc3eeebe98ca6edf2f52d602e7d%1777282960.259",
        "gnu-config/cci.20210814#466e9d4d7779e1c142443f7ea44b4284%1762363589.329",
        "flex/2.6.4#efa781fc5088b47c895bd4eef6911f2e%1761560242.855",
        "cmake/4.3.2#c740c22f711eb5ef0cec51c40b84657b%1776934625.055",
        "cmake/3.31.12#074b543418bfd044b7171af3399d8602%1776882511.03",
        "cccl/1.3#adc85778d281ede179188b34a599cc79%1741943821.087",
        "bison/3.8.2#c3490cbe0078b6fd3eb4cf5ed64144dc%1755688988.644",
        "bison/3.7.6#2db92e7c63846fba512681a76a8d4afa%1755688991.37",
        "b2/5.4.2#ffd6084a119587e70f11cd45d1a386e2%1766594659.866",
        "automake/1.16.5#b91b7c384c3deaa9d535be02da14d04f%1764805054.111",
        "autoconf/2.71#51077f068e61700d65bb05541ea1e4b0%1764805027.396"
    ],
    "python_requires": [],
    "overrides": {
        "boost/1.83.0": [
            "boost/1.86.0"
        ]
    },
    "config_requires": []
}
